github.com/crazytyper/go-cesu8 v0.0.0-20190615112902-270517b5a01c h1:LslEy3hCBNp2TfgmcmJBIIAprB51yH+AIBC3kVDxlGc=
github.com/crazytyper/go-cesu8 v0.0.0-20190615112902-270517b5a01c/go.mod h1:eWhedTyAcrUdtMYyEjm6HmjjwSGRre54xWeBBZGhhYc=
gopkg.in/check.v1 v1.0.0-20161208181325-20d25e280405 h1:829vOVxxusYHC+IqBtkX5mbKtsY9fheQiQn0MZRVLfQ=
gopkg.in/check.v1 v1.0.0-20161208181325-20d25e280405/go.mod h1:Co6ibVJAznAaIkqp8huTwlJQCZ016jof/cbN4VW5Yz0=
